<?xml version="1.0" encoding="utf-8"?>
<Project ToolsVersion="4.0" xmlns="http://schemas.microsoft.com/developer/msbuild/2003">
  <ItemGroup>
    <Filter Include="源文件">
      <UniqueIdentifier>{4FC737F1-C7A5-4376-A066-2A32D752A2FF}</UniqueIdentifier>
      <Extensions>cpp;c;cc;cxx;c++;cppm;ixx;def;odl;idl;hpj;bat;asm;asmx</Extensions>
    </Filter>
    <Filter Include="头文件">
      <UniqueIdentifier>{93995380-89BD-4b04-88EB-625FBE52EBFB}</UniqueIdentifier>
      <Extensions>h;hh;hpp;hxx;h++;hm;inl;inc;ipp;xsd</Extensions>
    </Filter>
    <Filter Include="资源文件">
      <UniqueIdentifier>{67DA6AB6-F800-4c08-8B7A-83BB121AAD01}</UniqueIdentifier>
      <Extensions>rc;ico;cur;bmp;dlg;rc2;rct;bin;rgs;gif;jpg;jpeg;jpe;resx;tiff;tif;png;wav;mfcribbon-ms</Extensions>
    </Filter>
  </ItemGroup>
  <ItemGroup>
    <ClCompile Include="1.一.数组-训练计划 I.cpp">
      <Filter>源文件</Filter>
    </ClCompile>
    <ClCompile Include="2.一.数组-文件组合.cpp">
      <Filter>源文件</Filter>
    </ClCompile>
    <ClCompile Include="3.一.数组-按规则计算统计结果.cpp">
      <Filter>源文件</Filter>
    </ClCompile>
    <ClCompile Include="4.一.数组-寻找文件副本.cpp">
      <Filter>源文件</Filter>
    </ClCompile>
    <ClCompile Include="5.一.数组-螺旋遍历二维数组.cpp">
      <Filter>源文件</Filter>
    </ClCompile>
    <ClCompile Include="6.二.链表-图书整理 I.cpp">
      <Filter>源文件</Filter>
    </ClCompile>
    <ClCompile Include="7.二.链表-删除链表节点.cpp">
      <Filter>源文件</Filter>
    </ClCompile>
    <ClCompile Include="8.二.链表-训练计划 III.cpp">
      <Filter>源文件</Filter>
    </ClCompile>
    <ClCompile Include="9.二.链表-训练计划 II.cpp">
      <Filter>源文件</Filter>
    </ClCompile>
    <ClCompile Include="10.二.链表-训练计划 IV.cpp">
      <Filter>源文件</Filter>
    </ClCompile>
    <ClCompile Include="11.二.链表-训练计划 V.cpp">
      <Filter>源文件</Filter>
    </ClCompile>
    <ClCompile Include="12.二.链表-随机链表的复制.cpp">
      <Filter>源文件</Filter>
    </ClCompile>
    <ClCompile Include="13.三.字符串-路径加密.cpp">
      <Filter>源文件</Filter>
    </ClCompile>
    <ClCompile Include="14.三.字符串-字符串中的单词反转.cpp">
      <Filter>源文件</Filter>
    </ClCompile>
    <ClCompile Include="15.三.字符串-动态口令.cpp">
      <Filter>源文件</Filter>
    </ClCompile>
    <ClCompile Include="16.三.字符串-不使用库函数的字符串转整数.cpp">
      <Filter>源文件</Filter>
    </ClCompile>
    <ClCompile Include="17.三.字符串-有效数字.cpp">
      <Filter>源文件</Filter>
    </ClCompile>
    <ClCompile Include="18.四.栈与队列-图书整理 II.cpp">
      <Filter>源文件</Filter>
    </ClCompile>
    <ClCompile Include="19.四.栈与队列-最小栈.cpp">
      <Filter>源文件</Filter>
    </ClCompile>
    <ClCompile Include="20.四.栈与队列-验证图书取出顺序.cpp">
      <Filter>源文件</Filter>
    </ClCompile>
    <ClCompile Include="21.四.栈与队列-望远镜中最高的海拔.cpp">
      <Filter>源文件</Filter>
    </ClCompile>
    <ClCompile Include="22.四.栈与队列-设计自助结算系统.cpp">
      <Filter>源文件</Filter>
    </ClCompile>
    <ClCompile Include="23.四.栈与队列-数据流中的中位数.cpp">
      <Filter>源文件</Filter>
    </ClCompile>
    <ClCompile Include="24.五.树-彩灯装饰记录 I.cpp">
      <Filter>源文件</Filter>
    </ClCompile>
    <ClCompile Include="25.五.树-彩灯装饰记录 II.cpp">
      <Filter>源文件</Filter>
    </ClCompile>
    <ClCompile Include="26.五.树-彩灯装饰记录 III.cpp">
      <Filter>源文件</Filter>
    </ClCompile>
    <ClCompile Include="27.五.树-子结构判断.cpp">
      <Filter>源文件</Filter>
    </ClCompile>
    <ClCompile Include="28.五.树-翻转二叉树.cpp">
      <Filter>源文件</Filter>
    </ClCompile>
    <ClCompile Include="29.五.树-判断对称二叉树.cpp">
      <Filter>源文件</Filter>
    </ClCompile>
    <ClCompile Include="30.五.树-将二叉搜索树转化为排序的双向链表.cpp">
      <Filter>源文件</Filter>
    </ClCompile>
    <ClCompile Include="31.五.树-寻找二叉搜索树中的目标节点.cpp">
      <Filter>源文件</Filter>
    </ClCompile>
    <ClCompile Include="32.五.树-计算二叉树的深度.cpp">
      <Filter>源文件</Filter>
    </ClCompile>
    <ClCompile Include="33.五.树-判断是否为平衡二叉树.cpp">
      <Filter>源文件</Filter>
    </ClCompile>
    <ClCompile Include="34.五.树-求二叉搜索树的最近公共祖先.cpp">
      <Filter>源文件</Filter>
    </ClCompile>
    <ClCompile Include="35.五.树-寻找二叉树的最近公共祖先.cpp">
      <Filter>源文件</Filter>
    </ClCompile>
    <ClCompile Include="36.五.树-序列化与反序列化二叉树.cpp">
      <Filter>源文件</Filter>
    </ClCompile>
    <ClCompile Include="37.六.查找-招式拆解 II.cpp">
      <Filter>源文件</Filter>
    </ClCompile>
    <ClCompile Include="38.六.查找-统计目标成绩的出现次数.cpp">
      <Filter>源文件</Filter>
    </ClCompile>
    <ClCompile Include="39.六.查找-点名.cpp">
      <Filter>源文件</Filter>
    </ClCompile>
    <ClCompile Include="40.六.查找-寻找目标值 - 二维数组.cpp">
      <Filter>源文件</Filter>
    </ClCompile>
    <ClCompile Include="41.六.查找-库存管理 I.cpp">
      <Filter>源文件</Filter>
    </ClCompile>
    <ClCompile Include="42.七.分治-推理二叉树.cpp">
      <Filter>源文件</Filter>
    </ClCompile>
    <ClCompile Include="43.七.分治-验证二叉搜索树的后序遍历序列.cpp">
      <Filter>源文件</Filter>
    </ClCompile>
    <ClCompile Include="44.七.分治-Pow(x,n).cpp">
      <Filter>源文件</Filter>
    </ClCompile>
    <ClCompile Include="45.七.分治-报数.cpp">
      <Filter>源文件</Filter>
    </ClCompile>
    <ClCompile Include="46.七.分治-库存管理 III.cpp">
      <Filter>源文件</Filter>
    </ClCompile>
    <ClCompile Include="47.七.分治-交易逆序对的总数.cpp">
      <Filter>源文件</Filter>
    </ClCompile>
    <ClCompile Include="48.八.回溯-设计机械累加器.cpp">
      <Filter>源文件</Filter>
    </ClCompile>
    <ClCompile Include="49.八.回溯-字母迷宫.cpp">
      <Filter>源文件</Filter>
    </ClCompile>
    <ClCompile Include="50.八.回溯-衣橱整理.cpp">
      <Filter>源文件</Filter>
    </ClCompile>
    <ClCompile Include="51.八.回溯-二叉树中和为目标值的路径.cpp">
      <Filter>源文件</Filter>
    </ClCompile>
    <ClCompile Include="52.八.回溯-套餐内商品的排列顺序.cpp">
      <Filter>源文件</Filter>
    </ClCompile>
    <ClCompile Include="53.九.动态规划-斐波那契数.cpp">
      <Filter>源文件</Filter>
    </ClCompile>
    <ClCompile Include="54.九.动态规划-跳跃训练.cpp">
      <Filter>源文件</Filter>
    </ClCompile>
    <ClCompile Include="55.九.动态规划-连续天数的最高销售额.cpp">
      <Filter>源文件</Filter>
    </ClCompile>
    <ClCompile Include="56.九.动态规划-买卖芯片的最佳时机.cpp">
      <Filter>源文件</Filter>
    </ClCompile>
    <ClCompile Include="57.九.动态规划-珠宝的最高价值.cpp">
      <Filter>源文件</Filter>
    </ClCompile>
    <ClCompile Include="58.九.动态规划-解密数字.cpp">
      <Filter>源文件</Filter>
    </ClCompile>
    <ClCompile Include="59.九.动态规划-招式拆解 I.cpp">
      <Filter>源文件</Filter>
    </ClCompile>
    <ClCompile Include="60.九.动态规划-丑数.cpp">
      <Filter>源文件</Filter>
    </ClCompile>
    <ClCompile Include="61.九.动态规划-统计结果概率.cpp">
      <Filter>源文件</Filter>
    </ClCompile>
    <ClCompile Include="62.九.动态规划-模糊搜索验证.cpp">
      <Filter>源文件</Filter>
    </ClCompile>
    <ClCompile Include="63.十.贪心-文物朝代判断.cpp">
      <Filter>源文件</Filter>
    </ClCompile>
    <ClCompile Include="64.十.贪心-破解闯关密码.cpp">
      <Filter>源文件</Filter>
    </ClCompile>
    <ClCompile Include="65.十.贪心-砍竹子 I.cpp">
      <Filter>源文件</Filter>
    </ClCompile>
    <ClCompile Include="66.十.贪心-砍竹子 II.cpp">
      <Filter>源文件</Filter>
    </ClCompile>
    <ClCompile Include="67.十一.位运算-位 1 的个数.cpp">
      <Filter>源文件</Filter>
    </ClCompile>
    <ClCompile Include="68.十一.位运算-加密运算.cpp">
      <Filter>源文件</Filter>
    </ClCompile>
    <ClCompile Include="69.十一.位运算-撞色搭配.cpp">
      <Filter>源文件</Filter>
    </ClCompile>
    <ClCompile Include="70.十一.位运算-训练计划 VI.cpp">
      <Filter>源文件</Filter>
    </ClCompile>
  </ItemGroup>
</Project>